// !$*UTF8*$!
{
	archiveVersion = 1;
	classes = {
	};
	objectVersion = 48;
	objects = {

/* Begin PBXBuildFile section */
		7E85619D1F39753100B5F9D7 /* WelcomeVC.swift in Sources */ = {isa = PBXBuildFile; fileRef = 7E85619C1F39753100B5F9D7 /* WelcomeVC.swift */; };
		7E8561A51F3978E000B5F9D7 /* LeagueVC.swift in Sources */ = {isa = PBXBuildFile; fileRef = 7E8561A41F3978DF00B5F9D7 /* LeagueVC.swift */; };
		7E8561A71F39791400B5F9D7 /* SkillVC.swift in Sources */ = {isa = PBXBuildFile; fileRef = 7E8561A61F39791400B5F9D7 /* SkillVC.swift */; };
		7EFF09941F38E7F500D76D47 /* AppDelegate.swift in Sources */ = {isa = PBXBuildFile; fileRef = 7EFF09931F38E7F500D76D47 /* AppDelegate.swift */; };
		7EFF09991F38E7F500D76D47 /* Main.storyboard in Resources */ = {isa = PBXBuildFile; fileRef = 7EFF09971F38E7F500D76D47 /* Main.storyboard */; };
		7EFF099B1F38E7F500D76D47 /* Assets.xcassets in Resources */ = {isa = PBXBuildFile; fileRef = 7EFF099A1F38E7F500D76D47 /* Assets.xcassets */; };
		7EFF099E1F38E7F500D76D47 /* LaunchScreen.storyboard in Resources */ = {isa = PBXBuildFile; fileRef = 7EFF099C1F38E7F500D76D47 /* LaunchScreen.storyboard */; };
		7EFF09A71F38F31000D76D47 /* BorderButton.swift in Sources */ = {isa = PBXBuildFile; fileRef = 7EFF09A61F38F31000D76D47 /* BorderButton.swift */; };
/* End PBXBuildFile section */

/* Begin PBXFileReference section */
		7E85619C1F39753100B5F9D7 /* WelcomeVC.swift */ = {isa = PBXFileReference; lastKnownFileType = sourcecode.swift; path = WelcomeVC.swift; sourceTree = "<group>"; };
		7E8561A41F3978DF00B5F9D7 /* LeagueVC.swift */ = {isa = PBXFileReference; lastKnownFileType = sourcecode.swift; path = LeagueVC.swift; sourceTree = "<group>"; };
		7E8561A61F39791400B5F9D7 /* SkillVC.swift */ = {isa = PBXFileReference; lastKnownFileType = sourcecode.swift; path = SkillVC.swift; sourceTree = "<group>"; };
		7EFF09901F38E7F500D76D47 /* swoosh-app.app */ = {isa = PBXFileReference; explicitFileType = wrapper.application; includeInIndex = 0; path = "swoosh-app.app"; sourceTree = BUILT_PRODUCTS_DIR; };
		7EFF09931F38E7F500D76D47 /* AppDelegate.swift */ = {isa = PBXFileReference; lastKnownFileType = sourcecode.swift; path = AppDelegate.swift; sourceTree = "<group>"; };
		7EFF09981F38E7F500D76D47 /* Base */ = {isa = PBXFileReference; lastKnownFileType = file.storyboard; name = Base; path = Base.lproj/Main.storyboard; sourceTree = "<group>"; };
		7EFF099A1F38E7F500D76D47 /* Assets.xcassets */ = {isa = PBXFileReference; lastKnownFileType = folder.assetcatalog; path = Assets.xcassets; sourceTree = "<group>"; };
		7EFF099D1F38E7F500D76D47 /* Base */ = {isa = PBXFileReference; lastKnownFileType = file.storyboard; name = Base; path = Base.lproj/LaunchScreen.storyboard; sourceTree = "<group>"; };
		7EFF099F1F38E7F500D76D47 /* Info.plist */ = {isa = PBXFileReference; lastKnownFileType = text.plist.xml; path = Info.plist; sourceTree = "<group>"; };
		7EFF09A61F38F31000D76D47 /* BorderButton.swift */ = {isa = PBXFileReference; lastKnownFileType = sourcecode.swift; path = BorderButton.swift; sourceTree = "<group>"; };
/* End PBXFileReference section */

/* Begin PBXFrameworksBuildPhase section */
		7EFF098D1F38E7F500D76D47 /* Frameworks */ = {
			isa = PBXFrameworksBuildPhase;
			buildActionMask = 2147483647;
			files = (
			);
			runOnlyForDeploymentPostprocessing = 0;
		};
/* End PBXFrameworksBuildPhase section */

/* Begin PBXGroup section */
		7E8561A21F39777800B5F9D7 /* Model */ = {
			isa = PBXGroup;
			children = (
			);
			path = Model;
			sourceTree = "<group>";
		};
		7E8561A31F39779600B5F9D7 /* Controller */ = {
			isa = PBXGroup;
			children = (
				7E85619C1F39753100B5F9D7 /* WelcomeVC.swift */,
				7E8561A41F3978DF00B5F9D7 /* LeagueVC.swift */,
				7E8561A61F39791400B5F9D7 /* SkillVC.swift */,
			);
			path = Controller;
			sourceTree = "<group>";
		};
		7EFF09871F38E7F500D76D47 = {
			isa = PBXGroup;
			children = (
				7EFF09921F38E7F500D76D47 /* swoosh-app */,
				7EFF09911F38E7F500D76D47 /* Products */,
			);
			sourceTree = "<group>";
		};
		7EFF09911F38E7F500D76D47 /* Products */ = {
			isa = PBXGroup;
			children = (
				7EFF09901F38E7F500D76D47 /* swoosh-app.app */,
			);
			name = Products;
			sourceTree = "<group>";
		};
		7EFF09921F38E7F500D76D47 /* swoosh-app */ = {
			isa = PBXGroup;
			children = (
				7E8561A21F39777800B5F9D7 /* Model */,
				7EFF09A51F38F2A100D76D47 /* View */,
				7E8561A31F39779600B5F9D7 /* Controller */,
				7EFF09931F38E7F500D76D47 /* AppDelegate.swift */,
				7EFF09971F38E7F500D76D47 /* Main.storyboard */,
				7EFF099A1F38E7F500D76D47 /* Assets.xcassets */,
				7EFF099C1F38E7F500D76D47 /* LaunchScreen.storyboard */,
				7EFF099F1F38E7F500D76D47 /* Info.plist */,
			);
			path = "swoosh-app";
			sourceTree = "<group>";
		};
		7EFF09A51F38F2A100D76D47 /* View */ = {
			isa = PBXGroup;
			children = (
				7EFF09A61F38F31000D76D47 /* BorderButton.swift */,
			);
			path = View;
			sourceTree = "<group>";
		};
/* End PBXGroup section */

/* Begin PBXNativeTarget section */
		7EFF098F1F38E7F500D76D47 /* swoosh-app */ = {
			isa = PBXNativeTarget;
			buildConfigurationList = 7EFF09A21F38E7F500D76D47 /* Build configuration list for PBXNativeTarget "swoosh-app" */;
			buildPhases = (
				7EFF098C1F38E7F500D76D47 /* Sources */,
				7EFF098D1F38E7F500D76D47 /* Frameworks */,
				7EFF098E1F38E7F500D76D47 /* Resources */,
			);
			buildRules = (
			);
			dependencies = (
			);
			name = "swoosh-app";
			productName = "swoosh-app";
			productReference = 7EFF09901F38E7F500D76D47 /* swoosh-app.app */;
			productType = "com.apple.product-type.application";
		};
/* End PBXNativeTarget section */

/* Begin PBXProject section */
		7EFF09881F38E7F500D76D47 /* Project object */ = {
			isa = PBXProject;
			attributes = {
				LastSwiftUpdateCheck = 0900;
				LastUpgradeCheck = 0900;
				ORGANIZATIONNAME = "Lancelot Edwards";
				TargetAttributes = {
					7EFF098F1F38E7F500D76D47 = {
						CreatedOnToolsVersion = 9.0;
					};
				};
			};
			buildConfigurationList = 7EFF098B1F38E7F500D76D47 /* Build configuration list for PBXProject "swoosh-app" */;
			compatibilityVersion = "Xcode 8.0";
			developmentRegion = en;
			hasScannedForEncodings = 0;
			knownRegions = (
				en,
				Base,
			);
			mainGroup = 7EFF09871F38E7F500D76D47;
			productRefGroup = 7EFF09911F38E7F500D76D47 /* Products */;
			projectDirPath = "";
			projectRoot = "";
			targets = (
				7EFF098F1F38E7F500D76D47 /* swoosh-app */,
			);
		};
/* End PBXProject section */

/* Begin PBXResourcesBuildPhase section */
		7EFF098E1F38E7F500D76D47 /* Resources */ = {
			isa = PBXResourcesBuildPhase;
			buildActionMask = 2147483647;
			files = (
				7EFF099E1F38E7F500D76D47 /* LaunchScreen.storyboard in Resources */,
				7EFF099B1F38E7F500D76D47 /* Assets.xcassets in Resources */,
				7EFF09991F38E7F500D76D47 /* Main.storyboard in Resources */,
			);
			runOnlyForDeploymentPostprocessing = 0;
		};
/* End PBXResourcesBuildPhase section */

/* Begin PBXSourcesBuildPhase section */
		7EFF098C1F38E7F500D76D47 /* Sources */ = {
			isa = PBXSourcesBuildPhase;
			buildActionMask = 2147483647;
			files = (
				7E85619D1F39753100B5F9D7 /* WelcomeVC.swift in Sources */,
				7E8561A51F3978E000B5F9D7 /* LeagueVC.swift in Sources */,
				7EFF09941F38E7F500D76D47 /* AppDelegate.swift in Sources */,
				7E8561A71F39791400B5F9D7 /* SkillVC.swift in Sources */,
				7EFF09A71F38F31000D76D47 /* BorderButton.swift in Sources */,
			);
			runOnlyForDeploymentPostprocessing = 0;
		};
/* End PBXSourcesBuildPhase section */

/* Begin PBXVariantGroup section */
		7EFF09971F38E7F500D76D47 /* Main.storyboard */ = {
			isa = PBXVariantGroup;
			children = (
				7EFF09981F38E7F500D76D47 /* Base */,
			);
			name = Main.storyboard;
			sourceTree = "<group>";
		};
		7EFF099C1F38E7F500D76D47 /* LaunchScreen.storyboard */ = {
			isa = PBXVariantGroup;
			children = (
				7EFF099D1F38E7F500D76D47 /* Base */,
			);
			name = LaunchScreen.storyboard;
			sourceTree = "<group>";
		};
/* End PBXVariantGroup section */

/* Begin XCBuildConfiguration section */
		7EFF09A01F38E7F500D76D47 /* Debug */ = {
			isa = XCBuildConfiguration;
			buildSettings = {
				ALWAYS_SEARCH_USER_PATHS = NO;
				CLANG_ANALYZER_NONNULL = YES;
				CLANG_ANALYZER_NUMBER_OBJECT_CONVERSION = YES_AGGRESSIVE;
				CLANG_CXX_LANGUAGE_STANDARD = "gnu++14";
				CLANG_CXX_LIBRARY = "libc++";
				CLANG_ENABLE_MODULES = YES;
				CLANG_ENABLE_OBJC_ARC = YES;
				CLANG_WARN_BLOCK_CAPTURE_AUTORELEASING = YES;
				CLANG_WARN_BOOL_CONVERSION = YES;
				CLANG_WARN_COMMA = YES;
				CLANG_WARN_CONSTANT_CONVERSION = YES;
				CLANG_WARN_DIRECT_OBJC_ISA_USAGE = YES_ERROR;
				CLANG_WARN_DOCUMENTATION_COMMENTS = YES;
				CLANG_WARN_EMPTY_BODY = YES;
				CLANG_WARN_ENUM_CONVERSION = YES;
				CLANG_WARN_INFINITE_RECURSION = YES;
				CLANG_WARN_INT_CONVERSION = YES;
				CLANG_WARN_NON_LITERAL_NULL_CONVERSION = YES;
				CLANG_WARN_OBJC_LITERAL_CONVERSION = YES;
				CLANG_WARN_OBJC_ROOT_CLASS = YES_ERROR;
				CLANG_WARN_RANGE_LOOP_ANALYSIS = YES;
				CLANG_WARN_STRICT_PROTOTYPES = YES;
				CLANG_WARN_SUSPICIOUS_MOVE = YES;
				CLANG_WARN_UNGUARDED_AVAILABILITY = YES_AGGRESSIVE;
				CLANG_WARN_UNREACHABLE_CODE = YES;
				CLANG_WARN__DUPLICATE_METHOD_MATCH = YES;
				CODE_SIGN_IDENTITY = "iPhone Developer";
				COPY_PHASE_STRIP = NO;
				DEBUG_INFORMATION_FORMAT = dwarf;
				ENABLE_STRICT_OBJC_MSGSEND = YES;
				ENABLE_TESTABILITY = YES;
				GCC_C_LANGUAGE_STANDARD = gnu11;
				GCC_DYNAMIC_NO_PIC = NO;
				GCC_NO_COMMON_BLOCKS = YES;
				GCC_OPTIMIZATION_LEVEL = 0;
				GCC_PREPROCESSOR_DEFINITIONS = (
					"DEBUG=1",
					"$(inherited)",
				);
				GCC_WARN_64_TO_32_BIT_CONVERSION = YES;
				GCC_WARN_ABOUT_RETURN_TYPE = YES_ERROR;
				GCC_WARN_UNDECLARED_SELECTOR = YES;
				GCC_WARN_UNINITIALIZED_AUTOS = YES_AGGRESSIVE;
				GCC_WARN_UNUSED_FUNCTION = YES;
				GCC_WARN_UNUSED_VARIABLE = YES;
				IPHONEOS_DEPLOYMENT_TARGET = 11.0;
				MTL_ENABLE_DEBUG_INFO = YES;
				ONLY_ACTIVE_ARCH = YES;
				SDKROOT = iphoneos;
				SWIFT_ACTIVE_COMPILATION_CONDITIONS = DEBUG;
				SWIFT_OPTIMIZATION_LEVEL = "-Onone";
			};
			name = Debug;
		};
		7EFF09A11F38E7F500D76D47 /* Release */ = {
			isa = XCBuildConfiguration;
			buildSettings = {
				ALWAYS_SEARCH_USER_PATHS = NO;
				CLANG_ANALYZER_NONNULL = YES;
				CLANG_ANALYZER_NUMBER_OBJECT_CONVERSION = YES_AGGRESSIVE;
				CLANG_CXX_LANGUAGE_STANDARD = "gnu++14";
				CLANG_CXX_LIBRARY = "libc++";
				CLANG_ENABLE_MODULES = YES;
				CLANG_ENABLE_OBJC_ARC = YES;
				CLANG_WARN_BLOCK_CAPTURE_AUTORELEASING = YES;
				CLANG_WARN_BOOL_CONVERSION = YES;
				CLANG_WARN_COMMA = YES;
				CLANG_WARN_CONSTANT_CONVERSION = YES;
				CLANG_WARN_DIRECT_OBJC_ISA_USAGE = YES_ERROR;
				CLANG_WARN_DOCUMENTATION_COMMENTS = YES;
				CLANG_WARN_EMPTY_BODY = YES;
				CLANG_WARN_ENUM_CONVERSION = YES;
				CLANG_WARN_INFINITE_RECURSION = YES;
				CLANG_WARN_INT_CONVERSION = YES;
				CLANG_WARN_NON_LITERAL_NULL_CONVERSION = YES;
				CLANG_WARN_OBJC_LITERAL_CONVERSION = YES;
				CLANG_WARN_OBJC_ROOT_CLASS = YES_ERROR;
				CLANG_WARN_RANGE_LOOP_ANALYSIS = YES;
				CLANG_WARN_STRICT_PROTOTYPES = YES;
				CLANG_WARN_SUSPICIOUS_MOVE = YES;
				CLANG_WARN_UNGUARDED_AVAILABILITY = YES_AGGRESSIVE;
				CLANG_WARN_UNREACHABLE_CODE = YES;
				CLANG_WARN__DUPLICATE_METHOD_MATCH = YES;
				CODE_SIGN_IDENTITY = "iPhone Developer";
				COPY_PHASE_STRIP = NO;
				DEBUG_INFORMATION_FORMAT = "dwarf-with-dsym";
				ENABLE_NS_ASSERTIONS = NO;
				ENABLE_STRICT_OBJC_MSGSEND = YES;
				GCC_C_LANGUAGE_STANDARD = gnu11;
				GCC_NO_COMMON_BLOCKS = YES;
				GCC_WARN_64_TO_32_BIT_CONVERSION = YES;
				GCC_WARN_ABOUT_RETURN_TYPE = YES_ERROR;
				GCC_WARN_UNDECLARED_SELECTOR = YES;
				GCC_WARN_UNINITIALIZED_AUTOS = YES_AGGRESSIVE;
				GCC_WARN_UNUSED_FUNCTION = YES;
				GCC_WARN_UNUSED_VARIABLE = YES;
				IPHONEOS_DEPLOYMENT_TARGET = 11.0;
				MTL_ENABLE_DEBUG_INFO = NO;
				SDKROOT = iphoneos;
				SWIFT_OPTIMIZATION_LEVEL = "-Owholemodule";
				VALIDATE_PRODUCT = YES;
			};
			name = Release;
		};
		7EFF09A31F38E7F500D76D47 /* Debug */ = {
			isa = XCBuildConfiguration;
			buildSettings = {
				ASSETCATALOG_COMPILER_APPICON_NAME = AppIcon;
				INFOPLIST_FILE = "swoosh-app/Info.plist";
				LD_RUNPATH_SEARCH_PATHS = "$(inherited) @executable_path/Frameworks";
				PRODUCT_BUNDLE_IDENTIFIER = "com.example.swoosh-app";
				PRODUCT_NAME = "$(TARGET_NAME)";
				SWIFT_VERSION = 4.0;
				TARGETED_DEVICE_FAMILY = "1,2";
			};
			name = Debug;
		};
		7EFF09A41F38E7F500D76D47 /* Release */ = {
			isa = XCBuildConfiguration;
			buildSettings = {
				ASSETCATALOG_COMPILER_APPICON_NAME = AppIcon;
				INFOPLIST_FILE = "swoosh-app/Info.plist";
				LD_RUNPATH_SEARCH_PATHS = "$(inherited) @executable_path/Frameworks";
				PRODUCT_BUNDLE_IDENTIFIER = "com.example.swoosh-app";
				PRODUCT_NAME = "$(TARGET_NAME)";
				SWIFT_VERSION = 4.0;
				TARGETED_DEVICE_FAMILY = "1,2";
			};
			name = Release;
		};
/* End XCBuildConfiguration section */

/* Begin XCConfigurationList section */
		7EFF098B1F38E7F500D76D47 /* Build configuration list for PBXProject "swoosh-app" */ = {
			isa = XCConfigurationList;
			buildConfigurations = (
				7EFF09A01F38E7F500D76D47 /* Debug */,
				7EFF09A11F38E7F500D76D47 /* Release */,
			);
			defaultConfigurationIsVisible = 0;
			defaultConfigurationName = Release;
		};
		7EFF09A21F38E7F500D76D47 /* Build configuration list for PBXNativeTarget "swoosh-app" */ = {
			isa = XCConfigurationList;
			buildConfigurations = (
				7EFF09A31F38E7F500D76D47 /* Debug */,
				7EFF09A41F38E7F500D76D47 /* Release */,
			);
			defaultConfigurationIsVisible = 0;
			defaultConfigurationName = Release;
		};
/* End XCConfigurationList section */
	};
	rootObject = 7EFF09881F38E7F500D76D47 /* Project object */;
}
